
Microsoft Visual Studio Solution File, Format Version 12.00
# Visual Studio Version 17
VisualStudioVersion = 17.9.34622.214
MinimumVisualStudioVersion = 10.0.40219.1
Project("{FAE04EC0-301F-11D3-BF4B-00C04F79EFBC}") = "ToDoApp", "ToDoApp\ToDoApp.csproj", "{5A26DDFD-B38A-4D0C-8282-7431E22CF798}"
EndProject
Global
	GlobalSection(SolutionConfigurationPlatforms) = preSolution
		Debug|Any CPU = Debug|Any CPU
		Release|Any CPU = Release|Any CPU
	EndGlobalSection
	GlobalSection(ProjectConfigurationPlatforms) = postSolution
		{5A26DDFD-B38A-4D0C-8282-7431E22CF798}.Debug|Any CPU.ActiveCfg = Debug|Any CPU
		{5A26DDFD-B38A-4D0C-8282-7431E22CF798}.Debug|Any CPU.Build.0 = Debug|Any CPU
		{5A26DDFD-B38A-4D0C-8282-7431E22CF798}.Release|Any CPU.ActiveCfg = Release|Any CPU
		{5A26DDFD-B38A-4D0C-8282-7431E22CF798}.Release|Any CPU.Build.0 = Release|Any CPU
	EndGlobalSection
	GlobalSection(SolutionProperties) = preSolution
		HideSolutionNode = FALSE
	EndGlobalSection
	GlobalSection(ExtensibilityGlobals) = postSolution
		SolutionGuid = {04C31881-91BC-49C9-A360-CE73629471DA}
	EndGlobalSection
EndGlobal
